// !$*UTF8*$!
{
	archiveVersion = 1;
	classes = {
	};
	objectVersion = 46;
	objects = {

/* Begin PBXBuildFile section */
		6D1D3EB1162DD98A003F8764 /* UIKit.framework in Frameworks */ = {isa = PBXBuildFile; fileRef = 6D1D3EB0162DD98A003F8764 /* UIKit.framework */; };
		6D1D3EB3162DD98A003F8764 /* Foundation.framework in Frameworks */ = {isa = PBXBuildFile; fileRef = 6D1D3EB2162DD98A003F8764 /* Foundation.framework */; };
		6D1D3EB5162DD98A003F8764 /* CoreGraphics.framework in Frameworks */ = {isa = PBXBuildFile; fileRef = 6D1D3EB4162DD98A003F8764 /* CoreGraphics.framework */; };
		6D1D3EBB162DD98A003F8764 /* InfoPlist.strings in Resources */ = {isa = PBXBuildFile; fileRef = 6D1D3EB9162DD98A003F8764 /* InfoPlist.strings */; };
		6D1D3EBD162DD98A003F8764 /* main.m in Sources */ = {isa = PBXBuildFile; fileRef = 6D1D3EBC162DD98A003F8764 /* main.m */; };
		6D1D3EC1162DD98A003F8764 /* AppDelegate.m in Sources */ = {isa = PBXBuildFile; fileRef = 6D1D3EC0162DD98A003F8764 /* AppDelegate.m */; };
		6D1D3EC4162DD98A003F8764 /* FindTestLocationsViewController.m in Sources */ = {isa = PBXBuildFile; fileRef = 6D1D3EC3162DD98A003F8764 /* FindTestLocationsViewController.m */; };
		6D1D3ED2162DD98A003F8764 /* SenTestingKit.framework in Frameworks */ = {isa = PBXBuildFile; fileRef = 6D1D3ED1162DD98A003F8764 /* SenTestingKit.framework */; };
		6D1D3ED3162DD98A003F8764 /* UIKit.framework in Frameworks */ = {isa = PBXBuildFile; fileRef = 6D1D3EB0162DD98A003F8764 /* UIKit.framework */; };
		6D1D3ED4162DD98A003F8764 /* Foundation.framework in Frameworks */ = {isa = PBXBuildFile; fileRef = 6D1D3EB2162DD98A003F8764 /* Foundation.framework */; };
		6D1D3EDC162DD98A003F8764 /* InfoPlist.strings in Resources */ = {isa = PBXBuildFile; fileRef = 6D1D3EDA162DD98A003F8764 /* InfoPlist.strings */; };
		6D1D3EDF162DD98A003F8764 /* HealthyBytesTests.m in Sources */ = {isa = PBXBuildFile; fileRef = 6D1D3EDE162DD98A003F8764 /* HealthyBytesTests.m */; };
		6D1D3EE9162DDE40003F8764 /* FindTestLocationsViewController.xib in Resources */ = {isa = PBXBuildFile; fileRef = 6D1D3EE8162DDE40003F8764 /* FindTestLocationsViewController.xib */; };
		6D1D3EED162DE221003F8764 /* MapViewController.m in Sources */ = {isa = PBXBuildFile; fileRef = 6D1D3EEB162DE221003F8764 /* MapViewController.m */; };
		6D1D3EEE162DE221003F8764 /* MapViewController.xib in Resources */ = {isa = PBXBuildFile; fileRef = 6D1D3EEC162DE221003F8764 /* MapViewController.xib */; };
		6D1D3EF1162DE487003F8764 /* TestLocationAnnotation.m in Sources */ = {isa = PBXBuildFile; fileRef = 6D1D3EF0162DE487003F8764 /* TestLocationAnnotation.m */; };
		6D1D3EF3162DEDDD003F8764 /* CoreLocation.framework in Frameworks */ = {isa = PBXBuildFile; fileRef = 6D1D3EF2162DEDDC003F8764 /* CoreLocation.framework */; };
		6D1D3EF5162DEDEA003F8764 /* MapKit.framework in Frameworks */ = {isa = PBXBuildFile; fileRef = 6D1D3EF4162DEDEA003F8764 /* MapKit.framework */; };
		6D1D3F18162DEEB6003F8764 /* NSObject+SBJSON.m in Sources */ = {isa = PBXBuildFile; fileRef = 6D1D3F0D162DEEB6003F8764 /* NSObject+SBJSON.m */; };
		6D1D3F19162DEEB6003F8764 /* NSString+SBJSON.m in Sources */ = {isa = PBXBuildFile; fileRef = 6D1D3F0F162DEEB6003F8764 /* NSString+SBJSON.m */; };
		6D1D3F1A162DEEB6003F8764 /* SBJSON.m in Sources */ = {isa = PBXBuildFile; fileRef = 6D1D3F11162DEEB6003F8764 /* SBJSON.m */; };
		6D1D3F1B162DEEB6003F8764 /* SBJsonBase.m in Sources */ = {isa = PBXBuildFile; fileRef = 6D1D3F13162DEEB6003F8764 /* SBJsonBase.m */; };
		6D1D3F1C162DEEB6003F8764 /* SBJsonParser.m in Sources */ = {isa = PBXBuildFile; fileRef = 6D1D3F15162DEEB6003F8764 /* SBJsonParser.m */; };
		6D1D3F1D162DEEB6003F8764 /* SBJsonWriter.m in Sources */ = {isa = PBXBuildFile; fileRef = 6D1D3F17162DEEB6003F8764 /* SBJsonWriter.m */; };
		6D402E5416324AB40097D1D8 /* HealthRiskAssessmentViewController.m in Sources */ = {isa = PBXBuildFile; fileRef = 6D402E5216324AB40097D1D8 /* HealthRiskAssessmentViewController.m */; };
		6D402E5516324AB40097D1D8 /* HealthRiskAssessmentViewController.xib in Resources */ = {isa = PBXBuildFile; fileRef = 6D402E5316324AB40097D1D8 /* HealthRiskAssessmentViewController.xib */; };
		6D402E601633B4870097D1D8 /* HealthRiskAssessmentQuestions.m in Sources */ = {isa = PBXBuildFile; fileRef = 6D402E5F1633B4870097D1D8 /* HealthRiskAssessmentQuestions.m */; };
		6D402E7316353E870097D1D8 /* AgePickerView.m in Sources */ = {isa = PBXBuildFile; fileRef = 6D402E7216353E860097D1D8 /* AgePickerView.m */; };
		6D402E90163659360097D1D8 /* GenderPickerView.m in Sources */ = {isa = PBXBuildFile; fileRef = 6D402E8F163659360097D1D8 /* GenderPickerView.m */; };
		6D402E9C16368B880097D1D8 /* HeightPickerView.m in Sources */ = {isa = PBXBuildFile; fileRef = 6D402E9B16368B880097D1D8 /* HeightPickerView.m */; };
		6D402E9F16368BA40097D1D8 /* WeightPickerView.m in Sources */ = {isa = PBXBuildFile; fileRef = 6D402E9E16368BA30097D1D8 /* WeightPickerView.m */; };
		6DE796441637D4D2004FF988 /* YesNoPickerView.m in Sources */ = {isa = PBXBuildFile; fileRef = 6DE796431637D4D1004FF988 /* YesNoPickerView.m */; };
		6DE796471637E9E7004FF988 /* BloodPressurePickerView.m in Sources */ = {isa = PBXBuildFile; fileRef = 6DE796461637E9E7004FF988 /* BloodPressurePickerView.m */; };
		6DE7964A1637ECB7004FF988 /* CholesterolPickerView.m in Sources */ = {isa = PBXBuildFile; fileRef = 6DE796491637ECB7004FF988 /* CholesterolPickerView.m */; };
		6DE7966A163A86E5004FF988 /* SmokeInfoViewController.m in Sources */ = {isa = PBXBuildFile; fileRef = 6DE79668163A86E5004FF988 /* SmokeInfoViewController.m */; };
		6DE7966B163A86E5004FF988 /* SmokeInfoViewController.xib in Resources */ = {isa = PBXBuildFile; fileRef = 6DE79669163A86E5004FF988 /* SmokeInfoViewController.xib */; };
/* End PBXBuildFile section */

/* Begin PBXContainerItemProxy section */
		6D1D3ED5162DD98A003F8764 /* PBXContainerItemProxy */ = {
			isa = PBXContainerItemProxy;
			containerPortal = 6D1D3EA3162DD98A003F8764 /* Project object */;
			proxyType = 1;
			remoteGlobalIDString = 6D1D3EAB162DD98A003F8764;
			remoteInfo = HealthyBytes;
		};
/* End PBXContainerItemProxy section */

/* Begin PBXFileReference section */
		6D1D3EAC162DD98A003F8764 /* HealthyBytes.app */ = {isa = PBXFileReference; explicitFileType = wrapper.application; includeInIndex = 0; path = HealthyBytes.app; sourceTree = BUILT_PRODUCTS_DIR; };
		6D1D3EB0162DD98A003F8764 /* UIKit.framework */ = {isa = PBXFileReference; lastKnownFileType = wrapper.framework; name = UIKit.framework; path = System/Library/Frameworks/UIKit.framework; sourceTree = SDKROOT; };
		6D1D3EB2162DD98A003F8764 /* Foundation.framework */ = {isa = PBXFileReference; lastKnownFileType = wrapper.framework; name = Foundation.framework; path = System/Library/Frameworks/Foundation.framework; sourceTree = SDKROOT; };
		6D1D3EB4162DD98A003F8764 /* CoreGraphics.framework */ = {isa = PBXFileReference; lastKnownFileType = wrapper.framework; name = CoreGraphics.framework; path = System/Library/Frameworks/CoreGraphics.framework; sourceTree = SDKROOT; };
		6D1D3EB8162DD98A003F8764 /* HealthyBytes-Info.plist */ = {isa = PBXFileReference; lastKnownFileType = text.plist.xml; path = "HealthyBytes-Info.plist"; sourceTree = "<group>"; };
		6D1D3EBA162DD98A003F8764 /* en */ = {isa = PBXFileReference; lastKnownFileType = text.plist.strings; name = en; path = en.lproj/InfoPlist.strings; sourceTree = "<group>"; };
		6D1D3EBC162DD98A003F8764 /* main.m */ = {isa = PBXFileReference; lastKnownFileType = sourcecode.c.objc; path = main.m; sourceTree = "<group>"; };
		6D1D3EBE162DD98A003F8764 /* HealthyBytes-Prefix.pch */ = {isa = PBXFileReference; lastKnownFileType = sourcecode.c.h; path = "HealthyBytes-Prefix.pch"; sourceTree = "<group>"; };
		6D1D3EBF162DD98A003F8764 /* AppDelegate.h */ = {isa = PBXFileReference; lastKnownFileType = sourcecode.c.h; path = AppDelegate.h; sourceTree = "<group>"; };
		6D1D3EC0162DD98A003F8764 /* AppDelegate.m */ = {isa = PBXFileReference; lastKnownFileType = sourcecode.c.objc; path = AppDelegate.m; sourceTree = "<group>"; };
		6D1D3EC2162DD98A003F8764 /* FindTestLocationsViewController.h */ = {isa = PBXFileReference; lastKnownFileType = sourcecode.c.h; path = FindTestLocationsViewController.h; sourceTree = "<group>"; };
		6D1D3EC3162DD98A003F8764 /* FindTestLocationsViewController.m */ = {isa = PBXFileReference; lastKnownFileType = sourcecode.c.objc; path = FindTestLocationsViewController.m; sourceTree = "<group>"; };
		6D1D3ED0162DD98A003F8764 /* HealthyBytesTests.octest */ = {isa = PBXFileReference; explicitFileType = wrapper.cfbundle; includeInIndex = 0; path = HealthyBytesTests.octest; sourceTree = BUILT_PRODUCTS_DIR; };
		6D1D3ED1162DD98A003F8764 /* SenTestingKit.framework */ = {isa = PBXFileReference; lastKnownFileType = wrapper.framework; name = SenTestingKit.framework; path = Library/Frameworks/SenTestingKit.framework; sourceTree = DEVELOPER_DIR; };
		6D1D3ED9162DD98A003F8764 /* HealthyBytesTests-Info.plist */ = {isa = PBXFileReference; lastKnownFileType = text.plist.xml; path = "HealthyBytesTests-Info.plist"; sourceTree = "<group>"; };
		6D1D3EDB162DD98A003F8764 /* en */ = {isa = PBXFileReference; lastKnownFileType = text.plist.strings; name = en; path = en.lproj/InfoPlist.strings; sourceTree = "<group>"; };
		6D1D3EDD162DD98A003F8764 /* HealthyBytesTests.h */ = {isa = PBXFileReference; lastKnownFileType = sourcecode.c.h; path = HealthyBytesTests.h; sourceTree = "<group>"; };
		6D1D3EDE162DD98A003F8764 /* HealthyBytesTests.m */ = {isa = PBXFileReference; lastKnownFileType = sourcecode.c.objc; path = HealthyBytesTests.m; sourceTree = "<group>"; };
		6D1D3EE8162DDE40003F8764 /* FindTestLocationsViewController.xib */ = {isa = PBXFileReference; fileEncoding = 4; lastKnownFileType = file.xib; path = FindTestLocationsViewController.xib; sourceTree = "<group>"; };
		6D1D3EEA162DE221003F8764 /* MapViewController.h */ = {isa = PBXFileReference; fileEncoding = 4; lastKnownFileType = sourcecode.c.h; path = MapViewController.h; sourceTree = "<group>"; };
		6D1D3EEB162DE221003F8764 /* MapViewController.m */ = {isa = PBXFileReference; fileEncoding = 4; lastKnownFileType = sourcecode.c.objc; path = MapViewController.m; sourceTree = "<group>"; };
		6D1D3EEC162DE221003F8764 /* MapViewController.xib */ = {isa = PBXFileReference; fileEncoding = 4; lastKnownFileType = file.xib; path = MapViewController.xib; sourceTree = "<group>"; };
		6D1D3EEF162DE487003F8764 /* TestLocationAnnotation.h */ = {isa = PBXFileReference; fileEncoding = 4; lastKnownFileType = sourcecode.c.h; path = TestLocationAnnotation.h; sourceTree = "<group>"; };
		6D1D3EF0162DE487003F8764 /* TestLocationAnnotation.m */ = {isa = PBXFileReference; fileEncoding = 4; lastKnownFileType = sourcecode.c.objc; path = TestLocationAnnotation.m; sourceTree = "<group>"; };
		6D1D3EF2162DEDDC003F8764 /* CoreLocation.framework */ = {isa = PBXFileReference; lastKnownFileType = wrapper.framework; name = CoreLocation.framework; path = System/Library/Frameworks/CoreLocation.framework; sourceTree = SDKROOT; };
		6D1D3EF4162DEDEA003F8764 /* MapKit.framework */ = {isa = PBXFileReference; lastKnownFileType = wrapper.framework; name = MapKit.framework; path = System/Library/Frameworks/MapKit.framework; sourceTree = SDKROOT; };
		6D1D3F0B162DEEB6003F8764 /* JSON.h */ = {isa = PBXFileReference; fileEncoding = 4; lastKnownFileType = sourcecode.c.h; path = JSON.h; sourceTree = "<group>"; };
		6D1D3F0C162DEEB6003F8764 /* NSObject+SBJSON.h */ = {isa = PBXFileReference; fileEncoding = 4; lastKnownFileType = sourcecode.c.h; path = "NSObject+SBJSON.h"; sourceTree = "<group>"; };
		6D1D3F0D162DEEB6003F8764 /* NSObject+SBJSON.m */ = {isa = PBXFileReference; fileEncoding = 4; lastKnownFileType = sourcecode.c.objc; path = "NSObject+SBJSON.m"; sourceTree = "<group>"; };
		6D1D3F0E162DEEB6003F8764 /* NSString+SBJSON.h */ = {isa = PBXFileReference; fileEncoding = 4; lastKnownFileType = sourcecode.c.h; path = "NSString+SBJSON.h"; sourceTree = "<group>"; };
		6D1D3F0F162DEEB6003F8764 /* NSString+SBJSON.m */ = {isa = PBXFileReference; fileEncoding = 4; lastKnownFileType = sourcecode.c.objc; path = "NSString+SBJSON.m"; sourceTree = "<group>"; };
		6D1D3F10162DEEB6003F8764 /* SBJSON.h */ = {isa = PBXFileReference; fileEncoding = 4; lastKnownFileType = sourcecode.c.h; path = SBJSON.h; sourceTree = "<group>"; };
		6D1D3F11162DEEB6003F8764 /* SBJSON.m */ = {isa = PBXFileReference; fileEncoding = 4; lastKnownFileType = sourcecode.c.objc; path = SBJSON.m; sourceTree = "<group>"; };
		6D1D3F12162DEEB6003F8764 /* SBJsonBase.h */ = {isa = PBXFileReference; fileEncoding = 4; lastKnownFileType = sourcecode.c.h; path = SBJsonBase.h; sourceTree = "<group>"; };
		6D1D3F13162DEEB6003F8764 /* SBJsonBase.m */ = {isa = PBXFileReference; fileEncoding = 4; lastKnownFileType = sourcecode.c.objc; path = SBJsonBase.m; sourceTree = "<group>"; };
		6D1D3F14162DEEB6003F8764 /* SBJsonParser.h */ = {isa = PBXFileReference; fileEncoding = 4; lastKnownFileType = sourcecode.c.h; path = SBJsonParser.h; sourceTree = "<group>"; };
		6D1D3F15162DEEB6003F8764 /* SBJsonParser.m */ = {isa = PBXFileReference; fileEncoding = 4; lastKnownFileType = sourcecode.c.objc; path = SBJsonParser.m; sourceTree = "<group>"; };
		6D1D3F16162DEEB6003F8764 /* SBJsonWriter.h */ = {isa = PBXFileReference; fileEncoding = 4; lastKnownFileType = sourcecode.c.h; path = SBJsonWriter.h; sourceTree = "<group>"; };
		6D1D3F17162DEEB6003F8764 /* SBJsonWriter.m */ = {isa = PBXFileReference; fileEncoding = 4; lastKnownFileType = sourcecode.c.objc; path = SBJsonWriter.m; sourceTree = "<group>"; };
		6D402E5116324AB40097D1D8 /* HealthRiskAssessmentViewController.h */ = {isa = PBXFileReference; fileEncoding = 4; lastKnownFileType = sourcecode.c.h; name = HealthRiskAssessmentViewController.h; path = ../HealthRiskAssessmentViewController.h; sourceTree = "<group>"; };
		6D402E5216324AB40097D1D8 /* HealthRiskAssessmentViewController.m */ = {isa = PBXFileReference; fileEncoding = 4; lastKnownFileType = sourcecode.c.objc; name = HealthRiskAssessmentViewController.m; path = ../HealthRiskAssessmentViewController.m; sourceTree = "<group>"; };
		6D402E5316324AB40097D1D8 /* HealthRiskAssessmentViewController.xib */ = {isa = PBXFileReference; fileEncoding = 4; lastKnownFileType = file.xib; name = HealthRiskAssessmentViewController.xib; path = ../HealthRiskAssessmentViewController.xib; sourceTree = "<group>"; };
		6D402E5E1633B4870097D1D8 /* HealthRiskAssessmentQuestions.h */ = {isa = PBXFileReference; fileEncoding = 4; lastKnownFileType = sourcecode.c.h; path = HealthRiskAssessmentQuestions.h; sourceTree = "<group>"; };
		6D402E5F1633B4870097D1D8 /* HealthRiskAssessmentQuestions.m */ = {isa = PBXFileReference; fileEncoding = 4; lastKnownFileType = sourcecode.c.objc; path = HealthRiskAssessmentQuestions.m; sourceTree = "<group>"; };
		6D402E7116353E860097D1D8 /* AgePickerView.h */ = {isa = PBXFileReference; fileEncoding = 4; lastKnownFileType = sourcecode.c.h; path = AgePickerView.h; sourceTree = "<group>"; };
		6D402E7216353E860097D1D8 /* AgePickerView.m */ = {isa = PBXFileReference; fileEncoding = 4; lastKnownFileType = sourcecode.c.objc; path = AgePickerView.m; sourceTree = "<group>"; };
		6D402E8E163659360097D1D8 /* GenderPickerView.h */ = {isa = PBXFileReference; fileEncoding = 4; lastKnownFileType = sourcecode.c.h; path = GenderPickerView.h; sourceTree = "<group>"; };
		6D402E8F163659360097D1D8 /* GenderPickerView.m */ = {isa = PBXFileReference; fileEncoding = 4; lastKnownFileType = sourcecode.c.objc; path = GenderPickerView.m; sourceTree = "<group>"; };
		6D402E9A16368B880097D1D8 /* HeightPickerView.h */ = {isa = PBXFileReference; fileEncoding = 4; lastKnownFileType = sourcecode.c.h; path = HeightPickerView.h; sourceTree = "<group>"; };
		6D402E9B16368B880097D1D8 /* HeightPickerView.m */ = {isa = PBXFileReference; fileEncoding = 4; lastKnownFileType = sourcecode.c.objc; path = HeightPickerView.m; sourceTree = "<group>"; };
		6D402E9D16368BA30097D1D8 /* WeightPickerView.h */ = {isa = PBXFileReference; fileEncoding = 4; lastKnownFileType = sourcecode.c.h; path = WeightPickerView.h; sourceTree = "<group>"; };
		6D402E9E16368BA30097D1D8 /* WeightPickerView.m */ = {isa = PBXFileReference; fileEncoding = 4; lastKnownFileType = sourcecode.c.objc; path = WeightPickerView.m; sourceTree = "<group>"; };
		6DE796421637D4D1004FF988 /* YesNoPickerView.h */ = {isa = PBXFileReference; fileEncoding = 4; lastKnownFileType = sourcecode.c.h; path = YesNoPickerView.h; sourceTree = "<group>"; };
		6DE796431637D4D1004FF988 /* YesNoPickerView.m */ = {isa = PBXFileReference; fileEncoding = 4; lastKnownFileType = sourcecode.c.objc; path = YesNoPickerView.m; sourceTree = "<group>"; };
		6DE796451637E9E7004FF988 /* BloodPressurePickerView.h */ = {isa = PBXFileReference; fileEncoding = 4; lastKnownFileType = sourcecode.c.h; path = BloodPressurePickerView.h; sourceTree = "<group>"; };
		6DE796461637E9E7004FF988 /* BloodPressurePickerView.m */ = {isa = PBXFileReference; fileEncoding = 4; lastKnownFileType = sourcecode.c.objc; path = BloodPressurePickerView.m; sourceTree = "<group>"; };
		6DE796481637ECB7004FF988 /* CholesterolPickerView.h */ = {isa = PBXFileReference; fileEncoding = 4; lastKnownFileType = sourcecode.c.h; path = CholesterolPickerView.h; sourceTree = "<group>"; };
		6DE796491637ECB7004FF988 /* CholesterolPickerView.m */ = {isa = PBXFileReference; fileEncoding = 4; lastKnownFileType = sourcecode.c.objc; path = CholesterolPickerView.m; sourceTree = "<group>"; };
		6DE79667163A86E5004FF988 /* SmokeInfoViewController.h */ = {isa = PBXFileReference; fileEncoding = 4; lastKnownFileType = sourcecode.c.h; name = SmokeInfoViewController.h; path = ../SmokeInfoViewController.h; sourceTree = "<group>"; };
		6DE79668163A86E5004FF988 /* SmokeInfoViewController.m */ = {isa = PBXFileReference; fileEncoding = 4; lastKnownFileType = sourcecode.c.objc; name = SmokeInfoViewController.m; path = ../SmokeInfoViewController.m; sourceTree = "<group>"; };
		6DE79669163A86E5004FF988 /* SmokeInfoViewController.xib */ = {isa = PBXFileReference; fileEncoding = 4; lastKnownFileType = file.xib; name = SmokeInfoViewController.xib; path = ../SmokeInfoViewController.xib; sourceTree = "<group>"; };
/* End PBXFileReference section */

/* Begin PBXFrameworksBuildPhase section */
		6D1D3EA9162DD98A003F8764 /* Frameworks */ = {
			isa = PBXFrameworksBuildPhase;
			buildActionMask = 2147483647;
			files = (
				6D1D3EF5162DEDEA003F8764 /* MapKit.framework in Frameworks */,
				6D1D3EF3162DEDDD003F8764 /* CoreLocation.framework in Frameworks */,
				6D1D3EB1162DD98A003F8764 /* UIKit.framework in Frameworks */,
				6D1D3EB3162DD98A003F8764 /* Foundation.framework in Frameworks */,
				6D1D3EB5162DD98A003F8764 /* CoreGraphics.framework in Frameworks */,
			);
			runOnlyForDeploymentPostprocessing = 0;
		};
		6D1D3ECC162DD98A003F8764 /* Frameworks */ = {
			isa = PBXFrameworksBuildPhase;
			buildActionMask = 2147483647;
			files = (
				6D1D3ED2162DD98A003F8764 /* SenTestingKit.framework in Frameworks */,
				6D1D3ED3162DD98A003F8764 /* UIKit.framework in Frameworks */,
				6D1D3ED4162DD98A003F8764 /* Foundation.framework in Frameworks */,
			);
			runOnlyForDeploymentPostprocessing = 0;
		};
/* End PBXFrameworksBuildPhase section */

/* Begin PBXGroup section */
		6D1D3EA1162DD98A003F8764 = {
			isa = PBXGroup;
			children = (
				6D1D3EB6162DD98A003F8764 /* HealthyBytes */,
				6D1D3ED7162DD98A003F8764 /* HealthyBytesTests */,
				6D1D3EAF162DD98A003F8764 /* Frameworks */,
				6D1D3EAD162DD98A003F8764 /* Products */,
			);
			sourceTree = "<group>";
		};
		6D1D3EAD162DD98A003F8764 /* Products */ = {
			isa = PBXGroup;
			children = (
				6D1D3EAC162DD98A003F8764 /* HealthyBytes.app */,
				6D1D3ED0162DD98A003F8764 /* HealthyBytesTests.octest */,
			);
			name = Products;
			sourceTree = "<group>";
		};
		6D1D3EAF162DD98A003F8764 /* Frameworks */ = {
			isa = PBXGroup;
			children = (
				6D1D3EF2162DEDDC003F8764 /* CoreLocation.framework */,
				6D1D3EF4162DEDEA003F8764 /* MapKit.framework */,
				6D1D3EB0162DD98A003F8764 /* UIKit.framework */,
				6D1D3EB2162DD98A003F8764 /* Foundation.framework */,
				6D1D3EB4162DD98A003F8764 /* CoreGraphics.framework */,
				6D1D3ED1162DD98A003F8764 /* SenTestingKit.framework */,
			);
			name = Frameworks;
			sourceTree = "<group>";
		};
		6D1D3EB6162DD98A003F8764 /* HealthyBytes */ = {
			isa = PBXGroup;
			children = (
				6D1D3EBF162DD98A003F8764 /* AppDelegate.h */,
				6D1D3EC0162DD98A003F8764 /* AppDelegate.m */,
				6D402E5116324AB40097D1D8 /* HealthRiskAssessmentViewController.h */,
				6D402E5216324AB40097D1D8 /* HealthRiskAssessmentViewController.m */,
				6D402E5316324AB40097D1D8 /* HealthRiskAssessmentViewController.xib */,
				6D402E5E1633B4870097D1D8 /* HealthRiskAssessmentQuestions.h */,
				6D402E5F1633B4870097D1D8 /* HealthRiskAssessmentQuestions.m */,
				6D1D3EC2162DD98A003F8764 /* FindTestLocationsViewController.h */,
				6D1D3EC3162DD98A003F8764 /* FindTestLocationsViewController.m */,
				6D1D3EE8162DDE40003F8764 /* FindTestLocationsViewController.xib */,
				6D1D3EEA162DE221003F8764 /* MapViewController.h */,
				6D1D3EEB162DE221003F8764 /* MapViewController.m */,
				6D1D3EEC162DE221003F8764 /* MapViewController.xib */,
				6D1D3EEF162DE487003F8764 /* TestLocationAnnotation.h */,
				6D1D3EF0162DE487003F8764 /* TestLocationAnnotation.m */,
				6DE79667163A86E5004FF988 /* SmokeInfoViewController.h */,
				6DE79668163A86E5004FF988 /* SmokeInfoViewController.m */,
				6DE79669163A86E5004FF988 /* SmokeInfoViewController.xib */,
				6D1D3EB7162DD98A003F8764 /* Supporting Files */,
			);
			path = HealthyBytes;
			sourceTree = "<group>";
		};
		6D1D3EB7162DD98A003F8764 /* Supporting Files */ = {
			isa = PBXGroup;
			children = (
				6D402E7416353E940097D1D8 /* Picker Views */,
				6D1D3F0A162DEEB6003F8764 /* JSON */,
				6D1D3EB8162DD98A003F8764 /* HealthyBytes-Info.plist */,
				6D1D3EB9162DD98A003F8764 /* InfoPlist.strings */,
				6D1D3EBC162DD98A003F8764 /* main.m */,
				6D1D3EBE162DD98A003F8764 /* HealthyBytes-Prefix.pch */,
			);
			name = "Supporting Files";
			sourceTree = "<group>";
		};
		6D1D3ED7162DD98A003F8764 /* HealthyBytesTests */ = {
			isa = PBXGroup;
			children = (
				6D1D3EDD162DD98A003F8764 /* HealthyBytesTests.h */,
				6D1D3EDE162DD98A003F8764 /* HealthyBytesTests.m */,
				6D1D3ED8162DD98A003F8764 /* Supporting Files */,
			);
			path = HealthyBytesTests;
			sourceTree = "<group>";
		};
		6D1D3ED8162DD98A003F8764 /* Supporting Files */ = {
			isa = PBXGroup;
			children = (
				6D1D3ED9162DD98A003F8764 /* HealthyBytesTests-Info.plist */,
				6D1D3EDA162DD98A003F8764 /* InfoPlist.strings */,
			);
			name = "Supporting Files";
			sourceTree = "<group>";
		};
		6D1D3F0A162DEEB6003F8764 /* JSON */ = {
			isa = PBXGroup;
			children = (
				6D1D3F0B162DEEB6003F8764 /* JSON.h */,
				6D1D3F0C162DEEB6003F8764 /* NSObject+SBJSON.h */,
				6D1D3F0D162DEEB6003F8764 /* NSObject+SBJSON.m */,
				6D1D3F0E162DEEB6003F8764 /* NSString+SBJSON.h */,
				6D1D3F0F162DEEB6003F8764 /* NSString+SBJSON.m */,
				6D1D3F10162DEEB6003F8764 /* SBJSON.h */,
				6D1D3F11162DEEB6003F8764 /* SBJSON.m */,
				6D1D3F12162DEEB6003F8764 /* SBJsonBase.h */,
				6D1D3F13162DEEB6003F8764 /* SBJsonBase.m */,
				6D1D3F14162DEEB6003F8764 /* SBJsonParser.h */,
				6D1D3F15162DEEB6003F8764 /* SBJsonParser.m */,
				6D1D3F16162DEEB6003F8764 /* SBJsonWriter.h */,
				6D1D3F17162DEEB6003F8764 /* SBJsonWriter.m */,
			);
			path = JSON;
			sourceTree = "<group>";
		};
		6D402E7416353E940097D1D8 /* Picker Views */ = {
			isa = PBXGroup;
			children = (
				6D402E7116353E860097D1D8 /* AgePickerView.h */,
				6D402E7216353E860097D1D8 /* AgePickerView.m */,
				6D402E8E163659360097D1D8 /* GenderPickerView.h */,
				6D402E8F163659360097D1D8 /* GenderPickerView.m */,
				6D402E9A16368B880097D1D8 /* HeightPickerView.h */,
				6D402E9B16368B880097D1D8 /* HeightPickerView.m */,
				6D402E9D16368BA30097D1D8 /* WeightPickerView.h */,
				6D402E9E16368BA30097D1D8 /* WeightPickerView.m */,
				6DE796421637D4D1004FF988 /* YesNoPickerView.h */,
				6DE796431637D4D1004FF988 /* YesNoPickerView.m */,
				6DE796451637E9E7004FF988 /* BloodPressurePickerView.h */,
				6DE796461637E9E7004FF988 /* BloodPressurePickerView.m */,
				6DE796481637ECB7004FF988 /* CholesterolPickerView.h */,
				6DE796491637ECB7004FF988 /* CholesterolPickerView.m */,
			);
			name = "Picker Views";
			sourceTree = "<group>";
		};
/* End PBXGroup section */

/* Begin PBXNativeTarget section */
		6D1D3EAB162DD98A003F8764 /* HealthyBytes */ = {
			isa = PBXNativeTarget;
			buildConfigurationList = 6D1D3EE2162DD98A003F8764 /* Build configuration list for PBXNativeTarget "HealthyBytes" */;
			buildPhases = (
				6D1D3EA8162DD98A003F8764 /* Sources */,
				6D1D3EA9162DD98A003F8764 /* Frameworks */,
				6D1D3EAA162DD98A003F8764 /* Resources */,
			);
			buildRules = (
			);
			dependencies = (
			);
			name = HealthyBytes;
			productName = HealthyBytes;
			productReference = 6D1D3EAC162DD98A003F8764 /* HealthyBytes.app */;
			productType = "com.apple.product-type.application";
		};
		6D1D3ECF162DD98A003F8764 /* HealthyBytesTests */ = {
			isa = PBXNativeTarget;
			buildConfigurationList = 6D1D3EE5162DD98A003F8764 /* Build configuration list for PBXNativeTarget "HealthyBytesTests" */;
			buildPhases = (
				6D1D3ECB162DD98A003F8764 /* Sources */,
				6D1D3ECC162DD98A003F8764 /* Frameworks */,
				6D1D3ECD162DD98A003F8764 /* Resources */,
				6D1D3ECE162DD98A003F8764 /* ShellScript */,
			);
			buildRules = (
			);
			dependencies = (
				6D1D3ED6162DD98A003F8764 /* PBXTargetDependency */,
			);
			name = HealthyBytesTests;
			productName = HealthyBytesTests;
			productReference = 6D1D3ED0162DD98A003F8764 /* HealthyBytesTests.octest */;
			productType = "com.apple.product-type.bundle";
		};
/* End PBXNativeTarget section */

/* Begin PBXProject section */
		6D1D3EA3162DD98A003F8764 /* Project object */ = {
			isa = PBXProject;
			attributes = {
				LastUpgradeCheck = 0440;
				ORGANIZATIONNAME = "Alda Luong";
			};
			buildConfigurationList = 6D1D3EA6162DD98A003F8764 /* Build configuration list for PBXProject "HealthyBytes" */;
			compatibilityVersion = "Xcode 3.2";
			developmentRegion = English;
			hasScannedForEncodings = 0;
			knownRegions = (
				en,
			);
			mainGroup = 6D1D3EA1162DD98A003F8764;
			productRefGroup = 6D1D3EAD162DD98A003F8764 /* Products */;
			projectDirPath = "";
			projectRoot = "";
			targets = (
				6D1D3EAB162DD98A003F8764 /* HealthyBytes */,
				6D1D3ECF162DD98A003F8764 /* HealthyBytesTests */,
			);
		};
/* End PBXProject section */

/* Begin PBXResourcesBuildPhase section */
		6D1D3EAA162DD98A003F8764 /* Resources */ = {
			isa = PBXResourcesBuildPhase;
			buildActionMask = 2147483647;
			files = (
				6D1D3EBB162DD98A003F8764 /* InfoPlist.strings in Resources */,
				6D1D3EE9162DDE40003F8764 /* FindTestLocationsViewController.xib in Resources */,
				6D1D3EEE162DE221003F8764 /* MapViewController.xib in Resources */,
				6D402E5516324AB40097D1D8 /* HealthRiskAssessmentViewController.xib in Resources */,
				6DE7966B163A86E5004FF988 /* SmokeInfoViewController.xib in Resources */,
			);
			runOnlyForDeploymentPostprocessing = 0;
		};
		6D1D3ECD162DD98A003F8764 /* Resources */ = {
			isa = PBXResourcesBuildPhase;
			buildActionMask = 2147483647;
			files = (
				6D1D3EDC162DD98A003F8764 /* InfoPlist.strings in Resources */,
			);
			runOnlyForDeploymentPostprocessing = 0;
		};
/* End PBXResourcesBuildPhase section */

/* Begin PBXShellScriptBuildPhase section */
		6D1D3ECE162DD98A003F8764 /* ShellScript */ = {
			isa = PBXShellScriptBuildPhase;
			buildActionMask = 2147483647;
			files = (
			);
			inputPaths = (
			);
			outputPaths = (
			);
			runOnlyForDeploymentPostprocessing = 0;
			shellPath = /bin/sh;
			shellScript = "# Run the unit tests in this test bundle.\n\"${SYSTEM_DEVELOPER_DIR}/Tools/RunUnitTests\"\n";
		};
/* End PBXShellScriptBuildPhase section */

/* Begin PBXSourcesBuildPhase section */
		6D1D3EA8162DD98A003F8764 /* Sources */ = {
			isa = PBXSourcesBuildPhase;
			buildActionMask = 2147483647;
			files = (
				6D1D3EBD162DD98A003F8764 /* main.m in Sources */,
				6D1D3EC1162DD98A003F8764 /* AppDelegate.m in Sources */,
				6D1D3EC4162DD98A003F8764 /* FindTestLocationsViewController.m in Sources */,
				6D1D3EED162DE221003F8764 /* MapViewController.m in Sources */,
				6D1D3EF1162DE487003F8764 /* TestLocationAnnotation.m in Sources */,
				6D1D3F18162DEEB6003F8764 /* NSObject+SBJSON.m in Sources */,
				6D1D3F19162DEEB6003F8764 /* NSString+SBJSON.m in Sources */,
				6D1D3F1A162DEEB6003F8764 /* SBJSON.m in Sources */,
				6D1D3F1B162DEEB6003F8764 /* SBJsonBase.m in Sources */,
				6D1D3F1C162DEEB6003F8764 /* SBJsonParser.m in Sources */,
				6D1D3F1D162DEEB6003F8764 /* SBJsonWriter.m in Sources */,
				6D402E5416324AB40097D1D8 /* HealthRiskAssessmentViewController.m in Sources */,
				6D402E601633B4870097D1D8 /* HealthRiskAssessmentQuestions.m in Sources */,
				6D402E7316353E870097D1D8 /* AgePickerView.m in Sources */,
				6D402E90163659360097D1D8 /* GenderPickerView.m in Sources */,
				6D402E9C16368B880097D1D8 /* HeightPickerView.m in Sources */,
				6D402E9F16368BA40097D1D8 /* WeightPickerView.m in Sources */,
				6DE796441637D4D2004FF988 /* YesNoPickerView.m in Sources */,
				6DE796471637E9E7004FF988 /* BloodPressurePickerView.m in Sources */,
				6DE7964A1637ECB7004FF988 /* CholesterolPickerView.m in Sources */,
				6DE7966A163A86E5004FF988 /* SmokeInfoViewController.m in Sources */,
			);
			runOnlyForDeploymentPostprocessing = 0;
		};
		6D1D3ECB162DD98A003F8764 /* Sources */ = {
			isa = PBXSourcesBuildPhase;
			buildActionMask = 2147483647;
			files = (
				6D1D3EDF162DD98A003F8764 /* HealthyBytesTests.m in Sources */,
			);
			runOnlyForDeploymentPostprocessing = 0;
		};
/* End PBXSourcesBuildPhase section */

/* Begin PBXTargetDependency section */
		6D1D3ED6162DD98A003F8764 /* PBXTargetDependency */ = {
			isa = PBXTargetDependency;
			target = 6D1D3EAB162DD98A003F8764 /* HealthyBytes */;
			targetProxy = 6D1D3ED5162DD98A003F8764 /* PBXContainerItemProxy */;
		};
/* End PBXTargetDependency section */

/* Begin PBXVariantGroup section */
		6D1D3EB9162DD98A003F8764 /* InfoPlist.strings */ = {
			isa = PBXVariantGroup;
			children = (
				6D1D3EBA162DD98A003F8764 /* en */,
			);
			name = InfoPlist.strings;
			sourceTree = "<group>";
		};
		6D1D3EDA162DD98A003F8764 /* InfoPlist.strings */ = {
			isa = PBXVariantGroup;
			children = (
				6D1D3EDB162DD98A003F8764 /* en */,
			);
			name = InfoPlist.strings;
			sourceTree = "<group>";
		};
/* End PBXVariantGroup section */

/* Begin XCBuildConfiguration section */
		6D1D3EE0162DD98A003F8764 /* Debug */ = {
			isa = XCBuildConfiguration;
			buildSettings = {
				ALWAYS_SEARCH_USER_PATHS = NO;
				ARCHS = "$(ARCHS_STANDARD_32_BIT)";
				CLANG_CXX_LANGUAGE_STANDARD = "gnu++0x";
				CLANG_ENABLE_OBJC_ARC = YES;
				CLANG_WARN__DUPLICATE_METHOD_MATCH = YES;
				"CODE_SIGN_IDENTITY[sdk=iphoneos*]" = "iPhone Developer";
				COPY_PHASE_STRIP = NO;
				GCC_C_LANGUAGE_STANDARD = gnu99;
				GCC_DYNAMIC_NO_PIC = NO;
				GCC_OPTIMIZATION_LEVEL = 0;
				GCC_PREPROCESSOR_DEFINITIONS = (
					"DEBUG=1",
					"$(inherited)",
				);
				GCC_SYMBOLS_PRIVATE_EXTERN = NO;
				GCC_VERSION = com.apple.compilers.llvm.clang.1_0;
				GCC_WARN_ABOUT_RETURN_TYPE = YES;
				GCC_WARN_UNINITIALIZED_AUTOS = YES;
				GCC_WARN_UNUSED_VARIABLE = YES;
				IPHONEOS_DEPLOYMENT_TARGET = 5.1;
				SDKROOT = iphoneos;
				TARGETED_DEVICE_FAMILY = "1,2";
			};
			name = Debug;
		};
		6D1D3EE1162DD98A003F8764 /* Release */ = {
			isa = XCBuildConfiguration;
			buildSettings = {
				ALWAYS_SEARCH_USER_PATHS = NO;
				ARCHS = "$(ARCHS_STANDARD_32_BIT)";
				CLANG_CXX_LANGUAGE_STANDARD = "gnu++0x";
				CLANG_ENABLE_OBJC_ARC = YES;
				CLANG_WARN__DUPLICATE_METHOD_MATCH = YES;
				"CODE_SIGN_IDENTITY[sdk=iphoneos*]" = "iPhone Developer";
				COPY_PHASE_STRIP = YES;
				GCC_C_LANGUAGE_STANDARD = gnu99;
				GCC_VERSION = com.apple.compilers.llvm.clang.1_0;
				GCC_WARN_ABOUT_RETURN_TYPE = YES;
				GCC_WARN_UNINITIALIZED_AUTOS = YES;
				GCC_WARN_UNUSED_VARIABLE = YES;
				IPHONEOS_DEPLOYMENT_TARGET = 5.1;
				OTHER_CFLAGS = "-DNS_BLOCK_ASSERTIONS=1";
				SDKROOT = iphoneos;
				TARGETED_DEVICE_FAMILY = "1,2";
				VALIDATE_PRODUCT = YES;
			};
			name = Release;
		};
		6D1D3EE3162DD98A003F8764 /* Debug */ = {
			isa = XCBuildConfiguration;
			buildSettings = {
				GCC_PRECOMPILE_PREFIX_HEADER = YES;
				GCC_PREFIX_HEADER = "HealthyBytes/HealthyBytes-Prefix.pch";
				INFOPLIST_FILE = "HealthyBytes/HealthyBytes-Info.plist";
				PRODUCT_NAME = "$(TARGET_NAME)";
				WRAPPER_EXTENSION = app;
			};
			name = Debug;
		};
		6D1D3EE4162DD98A003F8764 /* Release */ = {
			isa = XCBuildConfiguration;
			buildSettings = {
				GCC_PRECOMPILE_PREFIX_HEADER = YES;
				GCC_PREFIX_HEADER = "HealthyBytes/HealthyBytes-Prefix.pch";
				INFOPLIST_FILE = "HealthyBytes/HealthyBytes-Info.plist";
				PRODUCT_NAME = "$(TARGET_NAME)";
				WRAPPER_EXTENSION = app;
			};
			name = Release;
		};
		6D1D3EE6162DD98A003F8764 /* Debug */ = {
			isa = XCBuildConfiguration;
			buildSettings = {
				BUNDLE_LOADER = "$(BUILT_PRODUCTS_DIR)/HealthyBytes.app/HealthyBytes";
				FRAMEWORK_SEARCH_PATHS = (
					"\"$(SDKROOT)/Developer/Library/Frameworks\"",
					"\"$(DEVELOPER_LIBRARY_DIR)/Frameworks\"",
				);
				GCC_PRECOMPILE_PREFIX_HEADER = YES;
				GCC_PREFIX_HEADER = "HealthyBytes/HealthyBytes-Prefix.pch";
				INFOPLIST_FILE = "HealthyBytesTests/HealthyBytesTests-Info.plist";
				PRODUCT_NAME = "$(TARGET_NAME)";
				TEST_HOST = "$(BUNDLE_LOADER)";
				WRAPPER_EXTENSION = octest;
			};
			name = Debug;
		};
		6D1D3EE7162DD98A003F8764 /* Release */ = {
			isa = XCBuildConfiguration;
			buildSettings = {
				BUNDLE_LOADER = "$(BUILT_PRODUCTS_DIR)/HealthyBytes.app/HealthyBytes";
				FRAMEWORK_SEARCH_PATHS = (
					"\"$(SDKROOT)/Developer/Library/Frameworks\"",
					"\"$(DEVELOPER_LIBRARY_DIR)/Frameworks\"",
				);
				GCC_PRECOMPILE_PREFIX_HEADER = YES;
				GCC_PREFIX_HEADER = "HealthyBytes/HealthyBytes-Prefix.pch";
				INFOPLIST_FILE = "HealthyBytesTests/HealthyBytesTests-Info.plist";
				PRODUCT_NAME = "$(TARGET_NAME)";
				TEST_HOST = "$(BUNDLE_LOADER)";
				WRAPPER_EXTENSION = octest;
			};
			name = Release;
		};
/* End XCBuildConfiguration section */

/* Begin XCConfigurationList section */
		6D1D3EA6162DD98A003F8764 /* Build configuration list for PBXProject "HealthyBytes" */ = {
			isa = XCConfigurationList;
			buildConfigurations = (
				6D1D3EE0162DD98A003F8764 /* Debug */,
				6D1D3EE1162DD98A003F8764 /* Release */,
			);
			defaultConfigurationIsVisible = 0;
			defaultConfigurationName = Release;
		};
		6D1D3EE2162DD98A003F8764 /* Build configuration list for PBXNativeTarget "HealthyBytes" */ = {
			isa = XCConfigurationList;
			buildConfigurations = (
				6D1D3EE3162DD98A003F8764 /* Debug */,
				6D1D3EE4162DD98A003F8764 /* Release */,
			);
			defaultConfigurationIsVisible = 0;
			defaultConfigurationName = Release;
		};
		6D1D3EE5162DD98A003F8764 /* Build configuration list for PBXNativeTarget "HealthyBytesTests" */ = {
			isa = XCConfigurationList;
			buildConfigurations = (
				6D1D3EE6162DD98A003F8764 /* Debug */,
				6D1D3EE7162DD98A003F8764 /* Release */,
			);
			defaultConfigurationIsVisible = 0;
			defaultConfigurationName = Release;
		};
/* End XCConfigurationList section */
	};
	rootObject = 6D1D3EA3162DD98A003F8764 /* Project object */;
}
